
Microsoft Visual Studio Solution File, Format Version 12.00
# Visual Studio 2012
Project("{FAE04EC0-301F-11D3-BF4B-00C04F79EFBC}") = "iBlog", "src\iBlog\iBlog.csproj", "{BA2E0928-4214-48CD-8BF1-900E132EEA33}"
EndProject
Project("{FAE04EC0-301F-11D3-BF4B-00C04F79EFBC}") = "iBlog.Domain", "src\iBlog.Domain\iBlog.Domain.csproj", "{8650FA31-0A9A-4734-AD07-4E81BCCF5D09}"
EndProject
Project("{FAE04EC0-301F-11D3-BF4B-00C04F79EFBC}") = "iBlog.Configuration", "src\iBlog.Configuration\iBlog.Configuration.csproj", "{F5C386D3-EDED-434D-B0BE-67636F1429D8}"
EndProject
Global
	GlobalSection(SolutionConfigurationPlatforms) = preSolution
		Debug|Any CPU = Debug|Any CPU
		Release|Any CPU = Release|Any CPU
	EndGlobalSection
	GlobalSection(ProjectConfigurationPlatforms) = postSolution
		{BA2E0928-4214-48CD-8BF1-900E132EEA33}.Debug|Any CPU.ActiveCfg = Debug|Any CPU
		{BA2E0928-4214-48CD-8BF1-900E132EEA33}.Debug|Any CPU.Build.0 = Debug|Any CPU
		{BA2E0928-4214-48CD-8BF1-900E132EEA33}.Release|Any CPU.ActiveCfg = Release|Any CPU
		{BA2E0928-4214-48CD-8BF1-900E132EEA33}.Release|Any CPU.Build.0 = Release|Any CPU
		{8650FA31-0A9A-4734-AD07-4E81BCCF5D09}.Debug|Any CPU.ActiveCfg = Debug|Any CPU
		{8650FA31-0A9A-4734-AD07-4E81BCCF5D09}.Debug|Any CPU.Build.0 = Debug|Any CPU
		{8650FA31-0A9A-4734-AD07-4E81BCCF5D09}.Release|Any CPU.ActiveCfg = Release|Any CPU
		{8650FA31-0A9A-4734-AD07-4E81BCCF5D09}.Release|Any CPU.Build.0 = Release|Any CPU
		{F5C386D3-EDED-434D-B0BE-67636F1429D8}.Debug|Any CPU.ActiveCfg = Debug|Any CPU
		{F5C386D3-EDED-434D-B0BE-67636F1429D8}.Debug|Any CPU.Build.0 = Debug|Any CPU
		{F5C386D3-EDED-434D-B0BE-67636F1429D8}.Release|Any CPU.ActiveCfg = Release|Any CPU
		{F5C386D3-EDED-434D-B0BE-67636F1429D8}.Release|Any CPU.Build.0 = Release|Any CPU
	EndGlobalSection
	GlobalSection(SolutionProperties) = preSolution
		HideSolutionNode = FALSE
	EndGlobalSection
EndGlobal
